
Microsoft Visual Studio Solution File, Format Version 12.00
# Visual Studio Version 16
VisualStudioVersion = 16.0.30114.105
MinimumVisualStudioVersion = 10.0.40219.1
Project("{FAE04EC0-301F-11D3-BF4B-00C04F79EFBC}") = "SimpleApi", "SimpleApi\SimpleApi.csproj", "{B0C21E8D-0C00-4844-AFE0-5D48D67250B0}"
EndProject
Project("{2150E333-8FDC-42A3-9474-1A3956D46DE8}") = "Test", "Test", "{0892B7B3-29F2-4021-9309-15DB11710124}"
EndProject
Project("{FAE04EC0-301F-11D3-BF4B-00C04F79EFBC}") = "SimpleApi.Tests", "Test\SimpleApi.tests\SimpleApi.Tests.csproj", "{FBFC3486-28DA-4D39-B4FB-2C5402C29085}"
EndProject
Global
	GlobalSection(SolutionConfigurationPlatforms) = preSolution
		Debug|Any CPU = Debug|Any CPU
		Debug|x64 = Debug|x64
		Debug|x86 = Debug|x86
		Release|Any CPU = Release|Any CPU
		Release|x64 = Release|x64
		Release|x86 = Release|x86
	EndGlobalSection
	GlobalSection(SolutionProperties) = preSolution
		HideSolutionNode = FALSE
	EndGlobalSection
	GlobalSection(ProjectConfigurationPlatforms) = postSolution
		{B0C21E8D-0C00-4844-AFE0-5D48D67250B0}.Debug|Any CPU.ActiveCfg = Debug|Any CPU
		{B0C21E8D-0C00-4844-AFE0-5D48D67250B0}.Debug|Any CPU.Build.0 = Debug|Any CPU
		{B0C21E8D-0C00-4844-AFE0-5D48D67250B0}.Debug|x64.ActiveCfg = Debug|Any CPU
		{B0C21E8D-0C00-4844-AFE0-5D48D67250B0}.Debug|x64.Build.0 = Debug|Any CPU
		{B0C21E8D-0C00-4844-AFE0-5D48D67250B0}.Debug|x86.ActiveCfg = Debug|Any CPU
		{B0C21E8D-0C00-4844-AFE0-5D48D67250B0}.Debug|x86.Build.0 = Debug|Any CPU
		{B0C21E8D-0C00-4844-AFE0-5D48D67250B0}.Release|Any CPU.ActiveCfg = Release|Any CPU
		{B0C21E8D-0C00-4844-AFE0-5D48D67250B0}.Release|Any CPU.Build.0 = Release|Any CPU
		{B0C21E8D-0C00-4844-AFE0-5D48D67250B0}.Release|x64.ActiveCfg = Release|Any CPU
		{B0C21E8D-0C00-4844-AFE0-5D48D67250B0}.Release|x64.Build.0 = Release|Any CPU
		{B0C21E8D-0C00-4844-AFE0-5D48D67250B0}.Release|x86.ActiveCfg = Release|Any CPU
		{B0C21E8D-0C00-4844-AFE0-5D48D67250B0}.Release|x86.Build.0 = Release|Any CPU
		{FBFC3486-28DA-4D39-B4FB-2C5402C29085}.Debug|Any CPU.ActiveCfg = Debug|Any CPU
		{FBFC3486-28DA-4D39-B4FB-2C5402C29085}.Debug|Any CPU.Build.0 = Debug|Any CPU
		{FBFC3486-28DA-4D39-B4FB-2C5402C29085}.Debug|x64.ActiveCfg = Debug|Any CPU
		{FBFC3486-28DA-4D39-B4FB-2C5402C29085}.Debug|x64.Build.0 = Debug|Any CPU
		{FBFC3486-28DA-4D39-B4FB-2C5402C29085}.Debug|x86.ActiveCfg = Debug|Any CPU
		{FBFC3486-28DA-4D39-B4FB-2C5402C29085}.Debug|x86.Build.0 = Debug|Any CPU
		{FBFC3486-28DA-4D39-B4FB-2C5402C29085}.Release|Any CPU.ActiveCfg = Release|Any CPU
		{FBFC3486-28DA-4D39-B4FB-2C5402C29085}.Release|Any CPU.Build.0 = Release|Any CPU
		{FBFC3486-28DA-4D39-B4FB-2C5402C29085}.Release|x64.ActiveCfg = Release|Any CPU
		{FBFC3486-28DA-4D39-B4FB-2C5402C29085}.Release|x64.Build.0 = Release|Any CPU
		{FBFC3486-28DA-4D39-B4FB-2C5402C29085}.Release|x86.ActiveCfg = Release|Any CPU
		{FBFC3486-28DA-4D39-B4FB-2C5402C29085}.Release|x86.Build.0 = Release|Any CPU
	EndGlobalSection
	GlobalSection(NestedProjects) = preSolution
		{FBFC3486-28DA-4D39-B4FB-2C5402C29085} = {0892B7B3-29F2-4021-9309-15DB11710124}
	EndGlobalSection
EndGlobal
